
Microsoft Visual Studio Solution File, Format Version 12.00
# Visual Studio Version 16
VisualStudioVersion = 16.0.30621.155
MinimumVisualStudioVersion = 10.0.40219.1
Project("{8BC9CEB8-8B4A-11D0-8D11-00A0C91BC942}") = "Lab_05_3", "Lab_05_3\Lab_05_3.vcxproj", "{EB5AEEA7-EDD2-48A4-87BC-BED54B28AFDD}"
EndProject
Global
	GlobalSection(SolutionConfigurationPlatforms) = preSolution
		Debug|x64 = Debug|x64
		Debug|x86 = Debug|x86
		Release|x64 = Release|x64
		Release|x86 = Release|x86
	EndGlobalSection
	GlobalSection(ProjectConfigurationPlatforms) = postSolution
		{EB5AEEA7-EDD2-48A4-87BC-BED54B28AFDD}.Debug|x64.ActiveCfg = Debug|x64
		{EB5AEEA7-EDD2-48A4-87BC-BED54B28AFDD}.Debug|x64.Build.0 = Debug|x64
		{EB5AEEA7-EDD2-48A4-87BC-BED54B28AFDD}.Debug|x86.ActiveCfg = Debug|Win32
		{EB5AEEA7-EDD2-48A4-87BC-BED54B28AFDD}.Debug|x86.Build.0 = Debug|Win32
		{EB5AEEA7-EDD2-48A4-87BC-BED54B28AFDD}.Release|x64.ActiveCfg = Release|x64
		{EB5AEEA7-EDD2-48A4-87BC-BED54B28AFDD}.Release|x64.Build.0 = Release|x64
		{EB5AEEA7-EDD2-48A4-87BC-BED54B28AFDD}.Release|x86.ActiveCfg = Release|Win32
		{EB5AEEA7-EDD2-48A4-87BC-BED54B28AFDD}.Release|x86.Build.0 = Release|Win32
	EndGlobalSection
	GlobalSection(SolutionProperties) = preSolution
		HideSolutionNode = FALSE
	EndGlobalSection
	GlobalSection(ExtensibilityGlobals) = postSolution
		SolutionGuid = {ADBC8C61-F4C8-4021-84EF-A2A592E1E2DC}
	EndGlobalSection
EndGlobal
